// !$*UTF8*$!
{
	archiveVersion = 1;
	classes = {
	};
	objectVersion = 50;
	objects = {

/* Begin PBXBuildFile section */
		8B63D7CA2072156F00E81986 /* AppDelegate.m in Sources */ = {isa = PBXBuildFile; fileRef = 8B63D7C92072156F00E81986 /* AppDelegate.m */; };
		8B63D7CD2072156F00E81986 /* ViewController.m in Sources */ = {isa = PBXBuildFile; fileRef = 8B63D7CC2072156F00E81986 /* ViewController.m */; };
		8B63D7D22072157000E81986 /* Assets.xcassets in Resources */ = {isa = PBXBuildFile; fileRef = 8B63D7D12072157000E81986 /* Assets.xcassets */; };
		8B63D7D52072157000E81986 /* LaunchScreen.storyboard in Resources */ = {isa = PBXBuildFile; fileRef = 8B63D7D32072157000E81986 /* LaunchScreen.storyboard */; };
		8B63D7D82072157000E81986 /* main.m in Sources */ = {isa = PBXBuildFile; fileRef = 8B63D7D72072157000E81986 /* main.m */; };
		8B63D7E020721FF600E81986 /* WXQRCodeScannerViewController.m in Sources */ = {isa = PBXBuildFile; fileRef = 8B63D7DF20721FF600E81986 /* WXQRCodeScannerViewController.m */; };
		8B63D7E32072218800E81986 /* WXQRCodeScannerView.m in Sources */ = {isa = PBXBuildFile; fileRef = 8B63D7E22072218800E81986 /* WXQRCodeScannerView.m */; };
		8B63D7EB2072590C00E81986 /* cor2.png in Resources */ = {isa = PBXBuildFile; fileRef = 8B63D7E52072590C00E81986 /* cor2.png */; };
		8B63D7EC2072590C00E81986 /* beep.wav in Resources */ = {isa = PBXBuildFile; fileRef = 8B63D7E62072590C00E81986 /* beep.wav */; };
		8B63D7ED2072590C00E81986 /* cor4.png in Resources */ = {isa = PBXBuildFile; fileRef = 8B63D7E72072590C00E81986 /* cor4.png */; };
		8B63D7EE2072590C00E81986 /* QRCodeScanLine.png in Resources */ = {isa = PBXBuildFile; fileRef = 8B63D7E82072590C00E81986 /* QRCodeScanLine.png */; };
		8B63D7EF2072590C00E81986 /* cor3.png in Resources */ = {isa = PBXBuildFile; fileRef = 8B63D7E92072590C00E81986 /* cor3.png */; };
		8B63D7F02072590C00E81986 /* cor1.png in Resources */ = {isa = PBXBuildFile; fileRef = 8B63D7EA2072590C00E81986 /* cor1.png */; };
/* End PBXBuildFile section */

/* Begin PBXFileReference section */
		8B63D7C52072156F00E81986 /* WXQRCodeScanner.app */ = {isa = PBXFileReference; explicitFileType = wrapper.application; includeInIndex = 0; path = WXQRCodeScanner.app; sourceTree = BUILT_PRODUCTS_DIR; };
		8B63D7C82072156F00E81986 /* AppDelegate.h */ = {isa = PBXFileReference; lastKnownFileType = sourcecode.c.h; path = AppDelegate.h; sourceTree = "<group>"; };
		8B63D7C92072156F00E81986 /* AppDelegate.m */ = {isa = PBXFileReference; lastKnownFileType = sourcecode.c.objc; path = AppDelegate.m; sourceTree = "<group>"; };
		8B63D7CB2072156F00E81986 /* ViewController.h */ = {isa = PBXFileReference; lastKnownFileType = sourcecode.c.h; path = ViewController.h; sourceTree = "<group>"; };
		8B63D7CC2072156F00E81986 /* ViewController.m */ = {isa = PBXFileReference; lastKnownFileType = sourcecode.c.objc; path = ViewController.m; sourceTree = "<group>"; };
		8B63D7D12072157000E81986 /* Assets.xcassets */ = {isa = PBXFileReference; lastKnownFileType = folder.assetcatalog; path = Assets.xcassets; sourceTree = "<group>"; };
		8B63D7D42072157000E81986 /* Base */ = {isa = PBXFileReference; lastKnownFileType = file.storyboard; name = Base; path = Base.lproj/LaunchScreen.storyboard; sourceTree = "<group>"; };
		8B63D7D62072157000E81986 /* Info.plist */ = {isa = PBXFileReference; lastKnownFileType = text.plist.xml; path = Info.plist; sourceTree = "<group>"; };
		8B63D7D72072157000E81986 /* main.m */ = {isa = PBXFileReference; lastKnownFileType = sourcecode.c.objc; path = main.m; sourceTree = "<group>"; };
		8B63D7DE20721FF600E81986 /* WXQRCodeScannerViewController.h */ = {isa = PBXFileReference; lastKnownFileType = sourcecode.c.h; path = WXQRCodeScannerViewController.h; sourceTree = "<group>"; };
		8B63D7DF20721FF600E81986 /* WXQRCodeScannerViewController.m */ = {isa = PBXFileReference; lastKnownFileType = sourcecode.c.objc; path = WXQRCodeScannerViewController.m; sourceTree = "<group>"; };
		8B63D7E12072218800E81986 /* WXQRCodeScannerView.h */ = {isa = PBXFileReference; lastKnownFileType = sourcecode.c.h; path = WXQRCodeScannerView.h; sourceTree = "<group>"; };
		8B63D7E22072218800E81986 /* WXQRCodeScannerView.m */ = {isa = PBXFileReference; lastKnownFileType = sourcecode.c.objc; path = WXQRCodeScannerView.m; sourceTree = "<group>"; };
		8B63D7E52072590C00E81986 /* cor2.png */ = {isa = PBXFileReference; lastKnownFileType = image.png; path = cor2.png; sourceTree = "<group>"; };
		8B63D7E62072590C00E81986 /* beep.wav */ = {isa = PBXFileReference; lastKnownFileType = audio.wav; path = beep.wav; sourceTree = "<group>"; };
		8B63D7E72072590C00E81986 /* cor4.png */ = {isa = PBXFileReference; lastKnownFileType = image.png; path = cor4.png; sourceTree = "<group>"; };
		8B63D7E82072590C00E81986 /* QRCodeScanLine.png */ = {isa = PBXFileReference; lastKnownFileType = image.png; path = QRCodeScanLine.png; sourceTree = "<group>"; };
		8B63D7E92072590C00E81986 /* cor3.png */ = {isa = PBXFileReference; lastKnownFileType = image.png; path = cor3.png; sourceTree = "<group>"; };
		8B63D7EA2072590C00E81986 /* cor1.png */ = {isa = PBXFileReference; lastKnownFileType = image.png; path = cor1.png; sourceTree = "<group>"; };
/* End PBXFileReference section */

/* Begin PBXFrameworksBuildPhase section */
		8B63D7C22072156F00E81986 /* Frameworks */ = {
			isa = PBXFrameworksBuildPhase;
			buildActionMask = 2147483647;
			files = (
			);
			runOnlyForDeploymentPostprocessing = 0;
		};
/* End PBXFrameworksBuildPhase section */

/* Begin PBXGroup section */
		8B63D7BC2072156F00E81986 = {
			isa = PBXGroup;
			children = (
				8B63D7C72072156F00E81986 /* WXQRCodeScanner */,
				8B63D7C62072156F00E81986 /* Products */,
			);
			sourceTree = "<group>";
		};
		8B63D7C62072156F00E81986 /* Products */ = {
			isa = PBXGroup;
			children = (
				8B63D7C52072156F00E81986 /* WXQRCodeScanner.app */,
			);
			name = Products;
			sourceTree = "<group>";
		};
		8B63D7C72072156F00E81986 /* WXQRCodeScanner */ = {
			isa = PBXGroup;
			children = (
				8B63D7C82072156F00E81986 /* AppDelegate.h */,
				8B63D7C92072156F00E81986 /* AppDelegate.m */,
				8B63D7CB2072156F00E81986 /* ViewController.h */,
				8B63D7CC2072156F00E81986 /* ViewController.m */,
				8B63D7E12072218800E81986 /* WXQRCodeScannerView.h */,
				8B63D7E22072218800E81986 /* WXQRCodeScannerView.m */,
				8B63D7DE20721FF600E81986 /* WXQRCodeScannerViewController.h */,
				8B63D7DF20721FF600E81986 /* WXQRCodeScannerViewController.m */,
				8B63D7E4207258EB00E81986 /* ImageResource */,
				8B63D7D12072157000E81986 /* Assets.xcassets */,
				8B63D7D32072157000E81986 /* LaunchScreen.storyboard */,
				8B63D7D62072157000E81986 /* Info.plist */,
				8B63D7D72072157000E81986 /* main.m */,
			);
			path = WXQRCodeScanner;
			sourceTree = "<group>";
		};
		8B63D7E4207258EB00E81986 /* ImageResource */ = {
			isa = PBXGroup;
			children = (
				8B63D7E62072590C00E81986 /* beep.wav */,
				8B63D7EA2072590C00E81986 /* cor1.png */,
				8B63D7E52072590C00E81986 /* cor2.png */,
				8B63D7E92072590C00E81986 /* cor3.png */,
				8B63D7E72072590C00E81986 /* cor4.png */,
				8B63D7E82072590C00E81986 /* QRCodeScanLine.png */,
			);
			path = ImageResource;
			sourceTree = "<group>";
		};
/* End PBXGroup section */

/* Begin PBXNativeTarget section */
		8B63D7C42072156F00E81986 /* WXQRCodeScanner */ = {
			isa = PBXNativeTarget;
			buildConfigurationList = 8B63D7DB2072157000E81986 /* Build configuration list for PBXNativeTarget "WXQRCodeScanner" */;
			buildPhases = (
				8B63D7C12072156F00E81986 /* Sources */,
				8B63D7C22072156F00E81986 /* Frameworks */,
				8B63D7C32072156F00E81986 /* Resources */,
			);
			buildRules = (
			);
			dependencies = (
			);
			name = WXQRCodeScanner;
			productName = WXQRCodeScanner;
			productReference = 8B63D7C52072156F00E81986 /* WXQRCodeScanner.app */;
			productType = "com.apple.product-type.application";
		};
/* End PBXNativeTarget section */

/* Begin PBXProject section */
		8B63D7BD2072156F00E81986 /* Project object */ = {
			isa = PBXProject;
			attributes = {
				LastUpgradeCheck = 0930;
				ORGANIZATIONNAME = vison;
				TargetAttributes = {
					8B63D7C42072156F00E81986 = {
						CreatedOnToolsVersion = 9.3;
					};
				};
			};
			buildConfigurationList = 8B63D7C02072156F00E81986 /* Build configuration list for PBXProject "WXQRCodeScanner" */;
			compatibilityVersion = "Xcode 9.3";
			developmentRegion = en;
			hasScannedForEncodings = 0;
			knownRegions = (
				en,
				Base,
			);
			mainGroup = 8B63D7BC2072156F00E81986;
			productRefGroup = 8B63D7C62072156F00E81986 /* Products */;
			projectDirPath = "";
			projectRoot = "";
			targets = (
				8B63D7C42072156F00E81986 /* WXQRCodeScanner */,
			);
		};
/* End PBXProject section */

/* Begin PBXResourcesBuildPhase section */
		8B63D7C32072156F00E81986 /* Resources */ = {
			isa = PBXResourcesBuildPhase;
			buildActionMask = 2147483647;
			files = (
				8B63D7F02072590C00E81986 /* cor1.png in Resources */,
				8B63D7EC2072590C00E81986 /* beep.wav in Resources */,
				8B63D7ED2072590C00E81986 /* cor4.png in Resources */,
				8B63D7D52072157000E81986 /* LaunchScreen.storyboard in Resources */,
				8B63D7D22072157000E81986 /* Assets.xcassets in Resources */,
				8B63D7EE2072590C00E81986 /* QRCodeScanLine.png in Resources */,
				8B63D7EB2072590C00E81986 /* cor2.png in Resources */,
				8B63D7EF2072590C00E81986 /* cor3.png in Resources */,
			);
			runOnlyForDeploymentPostprocessing = 0;
		};
/* End PBXResourcesBuildPhase section */

/* Begin PBXSourcesBuildPhase section */
		8B63D7C12072156F00E81986 /* Sources */ = {
			isa = PBXSourcesBuildPhase;
			buildActionMask = 2147483647;
			files = (
				8B63D7E32072218800E81986 /* WXQRCodeScannerView.m in Sources */,
				8B63D7E020721FF600E81986 /* WXQRCodeScannerViewController.m in Sources */,
				8B63D7CD2072156F00E81986 /* ViewController.m in Sources */,
				8B63D7D82072157000E81986 /* main.m in Sources */,
				8B63D7CA2072156F00E81986 /* AppDelegate.m in Sources */,
			);
			runOnlyForDeploymentPostprocessing = 0;
		};
/* End PBXSourcesBuildPhase section */

/* Begin PBXVariantGroup section */
		8B63D7D32072157000E81986 /* LaunchScreen.storyboard */ = {
			isa = PBXVariantGroup;
			children = (
				8B63D7D42072157000E81986 /* Base */,
			);
			name = LaunchScreen.storyboard;
			sourceTree = "<group>";
		};
/* End PBXVariantGroup section */

/* Begin XCBuildConfiguration section */
		8B63D7D92072157000E81986 /* Debug */ = {
			isa = XCBuildConfiguration;
			buildSettings = {
				ALWAYS_SEARCH_USER_PATHS = NO;
				CLANG_ANALYZER_NONNULL = YES;
				CLANG_ANALYZER_NUMBER_OBJECT_CONVERSION = YES_AGGRESSIVE;
				CLANG_CXX_LANGUAGE_STANDARD = "gnu++14";
				CLANG_CXX_LIBRARY = "libc++";
				CLANG_ENABLE_MODULES = YES;
				CLANG_ENABLE_OBJC_ARC = YES;
				CLANG_ENABLE_OBJC_WEAK = YES;
				CLANG_WARN_BLOCK_CAPTURE_AUTORELEASING = YES;
				CLANG_WARN_BOOL_CONVERSION = YES;
				CLANG_WARN_COMMA = YES;
				CLANG_WARN_CONSTANT_CONVERSION = YES;
				CLANG_WARN_DEPRECATED_OBJC_IMPLEMENTATIONS = YES;
				CLANG_WARN_DIRECT_OBJC_ISA_USAGE = YES_ERROR;
				CLANG_WARN_DOCUMENTATION_COMMENTS = YES;
				CLANG_WARN_EMPTY_BODY = YES;
				CLANG_WARN_ENUM_CONVERSION = YES;
				CLANG_WARN_INFINITE_RECURSION = YES;
				CLANG_WARN_INT_CONVERSION = YES;
				CLANG_WARN_NON_LITERAL_NULL_CONVERSION = YES;
				CLANG_WARN_OBJC_IMPLICIT_RETAIN_SELF = YES;
				CLANG_WARN_OBJC_LITERAL_CONVERSION = YES;
				CLANG_WARN_OBJC_ROOT_CLASS = YES_ERROR;
				CLANG_WARN_RANGE_LOOP_ANALYSIS = YES;
				CLANG_WARN_STRICT_PROTOTYPES = YES;
				CLANG_WARN_SUSPICIOUS_MOVE = YES;
				CLANG_WARN_UNGUARDED_AVAILABILITY = YES_AGGRESSIVE;
				CLANG_WARN_UNREACHABLE_CODE = YES;
				CLANG_WARN__DUPLICATE_METHOD_MATCH = YES;
				CODE_SIGN_IDENTITY = "iPhone Developer";
				COPY_PHASE_STRIP = NO;
				DEBUG_INFORMATION_FORMAT = dwarf;
				ENABLE_STRICT_OBJC_MSGSEND = YES;
				ENABLE_TESTABILITY = YES;
				GCC_C_LANGUAGE_STANDARD = gnu11;
				GCC_DYNAMIC_NO_PIC = NO;
				GCC_NO_COMMON_BLOCKS = YES;
				GCC_OPTIMIZATION_LEVEL = 0;
				GCC_PREPROCESSOR_DEFINITIONS = (
					"DEBUG=1",
					"$(inherited)",
				);
				GCC_WARN_64_TO_32_BIT_CONVERSION = YES;
				GCC_WARN_ABOUT_RETURN_TYPE = YES_ERROR;
				GCC_WARN_UNDECLARED_SELECTOR = YES;
				GCC_WARN_UNINITIALIZED_AUTOS = YES_AGGRESSIVE;
				GCC_WARN_UNUSED_FUNCTION = YES;
				GCC_WARN_UNUSED_VARIABLE = YES;
				IPHONEOS_DEPLOYMENT_TARGET = 8.0;
				MTL_ENABLE_DEBUG_INFO = YES;
				ONLY_ACTIVE_ARCH = YES;
				SDKROOT = iphoneos;
			};
			name = Debug;
		};
		8B63D7DA2072157000E81986 /* Release */ = {
			isa = XCBuildConfiguration;
			buildSettings = {
				ALWAYS_SEARCH_USER_PATHS = NO;
				CLANG_ANALYZER_NONNULL = YES;
				CLANG_ANALYZER_NUMBER_OBJECT_CONVERSION = YES_AGGRESSIVE;
				CLANG_CXX_LANGUAGE_STANDARD = "gnu++14";
				CLANG_CXX_LIBRARY = "libc++";
				CLANG_ENABLE_MODULES = YES;
				CLANG_ENABLE_OBJC_ARC = YES;
				CLANG_ENABLE_OBJC_WEAK = YES;
				CLANG_WARN_BLOCK_CAPTURE_AUTORELEASING = YES;
				CLANG_WARN_BOOL_CONVERSION = YES;
				CLANG_WARN_COMMA = YES;
				CLANG_WARN_CONSTANT_CONVERSION = YES;
				CLANG_WARN_DEPRECATED_OBJC_IMPLEMENTATIONS = YES;
				CLANG_WARN_DIRECT_OBJC_ISA_USAGE = YES_ERROR;
				CLANG_WARN_DOCUMENTATION_COMMENTS = YES;
				CLANG_WARN_EMPTY_BODY = YES;
				CLANG_WARN_ENUM_CONVERSION = YES;
				CLANG_WARN_INFINITE_RECURSION = YES;
				CLANG_WARN_INT_CONVERSION = YES;
				CLANG_WARN_NON_LITERAL_NULL_CONVERSION = YES;
				CLANG_WARN_OBJC_IMPLICIT_RETAIN_SELF = YES;
				CLANG_WARN_OBJC_LITERAL_CONVERSION = YES;
				CLANG_WARN_OBJC_ROOT_CLASS = YES_ERROR;
				CLANG_WARN_RANGE_LOOP_ANALYSIS = YES;
				CLANG_WARN_STRICT_PROTOTYPES = YES;
				CLANG_WARN_SUSPICIOUS_MOVE = YES;
				CLANG_WARN_UNGUARDED_AVAILABILITY = YES_AGGRESSIVE;
				CLANG_WARN_UNREACHABLE_CODE = YES;
				CLANG_WARN__DUPLICATE_METHOD_MATCH = YES;
				CODE_SIGN_IDENTITY = "iPhone Developer";
				COPY_PHASE_STRIP = NO;
				DEBUG_INFORMATION_FORMAT = "dwarf-with-dsym";
				ENABLE_NS_ASSERTIONS = NO;
				ENABLE_STRICT_OBJC_MSGSEND = YES;
				GCC_C_LANGUAGE_STANDARD = gnu11;
				GCC_NO_COMMON_BLOCKS = YES;
				GCC_WARN_64_TO_32_BIT_CONVERSION = YES;
				GCC_WARN_ABOUT_RETURN_TYPE = YES_ERROR;
				GCC_WARN_UNDECLARED_SELECTOR = YES;
				GCC_WARN_UNINITIALIZED_AUTOS = YES_AGGRESSIVE;
				GCC_WARN_UNUSED_FUNCTION = YES;
				GCC_WARN_UNUSED_VARIABLE = YES;
				IPHONEOS_DEPLOYMENT_TARGET = 8.0;
				MTL_ENABLE_DEBUG_INFO = NO;
				SDKROOT = iphoneos;
				VALIDATE_PRODUCT = YES;
			};
			name = Release;
		};
		8B63D7DC2072157000E81986 /* Debug */ = {
			isa = XCBuildConfiguration;
			buildSettings = {
				ASSETCATALOG_COMPILER_APPICON_NAME = AppIcon;
				CODE_SIGN_IDENTITY = "iPhone Developer";
				CODE_SIGN_STYLE = Automatic;
				DEVELOPMENT_TEAM = MNU36M8SH5;
				INFOPLIST_FILE = WXQRCodeScanner/Info.plist;
				LD_RUNPATH_SEARCH_PATHS = (
					"$(inherited)",
					"@executable_path/Frameworks",
				);
				PRODUCT_BUNDLE_IDENTIFIER = com.vison.WXQRCodeScanner;
				PRODUCT_NAME = "$(TARGET_NAME)";
				PROVISIONING_PROFILE = "";
				PROVISIONING_PROFILE_SPECIFIER = "";
				TARGETED_DEVICE_FAMILY = "1,2";
			};
			name = Debug;
		};
		8B63D7DD2072157000E81986 /* Release */ = {
			isa = XCBuildConfiguration;
			buildSettings = {
				ASSETCATALOG_COMPILER_APPICON_NAME = AppIcon;
				CODE_SIGN_IDENTITY = "iPhone Developer";
				CODE_SIGN_STYLE = Automatic;
				DEVELOPMENT_TEAM = MNU36M8SH5;
				INFOPLIST_FILE = WXQRCodeScanner/Info.plist;
				LD_RUNPATH_SEARCH_PATHS = (
					"$(inherited)",
					"@executable_path/Frameworks",
				);
				PRODUCT_BUNDLE_IDENTIFIER = com.vison.WXQRCodeScanner;
				PRODUCT_NAME = "$(TARGET_NAME)";
				PROVISIONING_PROFILE_SPECIFIER = "";
				TARGETED_DEVICE_FAMILY = "1,2";
			};
			name = Release;
		};
/* End XCBuildConfiguration section */

/* Begin XCConfigurationList section */
		8B63D7C02072156F00E81986 /* Build configuration list for PBXProject "WXQRCodeScanner" */ = {
			isa = XCConfigurationList;
			buildConfigurations = (
				8B63D7D92072157000E81986 /* Debug */,
				8B63D7DA2072157000E81986 /* Release */,
			);
			defaultConfigurationIsVisible = 0;
			defaultConfigurationName = Release;
		};
		8B63D7DB2072157000E81986 /* Build configuration list for PBXNativeTarget "WXQRCodeScanner" */ = {
			isa = XCConfigurationList;
			buildConfigurations = (
				8B63D7DC2072157000E81986 /* Debug */,
				8B63D7DD2072157000E81986 /* Release */,
			);
			defaultConfigurationIsVisible = 0;
			defaultConfigurationName = Release;
		};
/* End XCConfigurationList section */
	};
	rootObject = 8B63D7BD2072156F00E81986 /* Project object */;
}
